
Microsoft Visual Studio Solution File, Format Version 12.00
# Visual Studio Version 16
VisualStudioVersion = 16.0.32602.291
MinimumVisualStudioVersion = 10.0.40219.1
Project("{9A19103F-16F7-4668-BE54-9A1E7A4F7556}") = "ElectronicBookingSystem.Api", "ElectronicLibrary.Api\ElectronicBookingSystem.Api.csproj", "{2271863C-BCAB-42E4-AED3-0114159BE315}"
EndProject
Project("{9A19103F-16F7-4668-BE54-9A1E7A4F7556}") = "ElectronicBookingSystem.Persistance", "ElectronicLibrary.Persistance\ElectronicBookingSystem.Persistance.csproj", "{2162ACFD-91CE-4783-962E-18BB0CDC3C90}"
EndProject
Project("{9A19103F-16F7-4668-BE54-9A1E7A4F7556}") = "ElectronicBookingSystem.Infrastructure", "ElectronicLibrary.Infrastructure\ElectronicBookingSystem.Infrastructure.csproj", "{42389B91-53A7-4F5D-84EB-EA6746BF2F25}"
EndProject
Project("{9A19103F-16F7-4668-BE54-9A1E7A4F7556}") = "ElectronicBookingSystem.Application", "ElectronicLibrary.Application\ElectronicBookingSystem.Application.csproj", "{3146809B-4D16-4659-92BE-7B592090D294}"
EndProject
Project("{9A19103F-16F7-4668-BE54-9A1E7A4F7556}") = "ElectronicBookingSystem.Domain", "ElectronicLibrary.Domain\ElectronicBookingSystem.Domain.csproj", "{9283739D-0CAD-43CE-A876-44A70AC5164A}"
EndProject
Global
	GlobalSection(SolutionConfigurationPlatforms) = preSolution
		Debug|Any CPU = Debug|Any CPU
		Release|Any CPU = Release|Any CPU
	EndGlobalSection
	GlobalSection(ProjectConfigurationPlatforms) = postSolution
		{2271863C-BCAB-42E4-AED3-0114159BE315}.Debug|Any CPU.ActiveCfg = Debug|Any CPU
		{2271863C-BCAB-42E4-AED3-0114159BE315}.Debug|Any CPU.Build.0 = Debug|Any CPU
		{2271863C-BCAB-42E4-AED3-0114159BE315}.Release|Any CPU.ActiveCfg = Release|Any CPU
		{2271863C-BCAB-42E4-AED3-0114159BE315}.Release|Any CPU.Build.0 = Release|Any CPU
		{2162ACFD-91CE-4783-962E-18BB0CDC3C90}.Debug|Any CPU.ActiveCfg = Debug|Any CPU
		{2162ACFD-91CE-4783-962E-18BB0CDC3C90}.Debug|Any CPU.Build.0 = Debug|Any CPU
		{2162ACFD-91CE-4783-962E-18BB0CDC3C90}.Release|Any CPU.ActiveCfg = Release|Any CPU
		{2162ACFD-91CE-4783-962E-18BB0CDC3C90}.Release|Any CPU.Build.0 = Release|Any CPU
		{42389B91-53A7-4F5D-84EB-EA6746BF2F25}.Debug|Any CPU.ActiveCfg = Debug|Any CPU
		{42389B91-53A7-4F5D-84EB-EA6746BF2F25}.Debug|Any CPU.Build.0 = Debug|Any CPU
		{42389B91-53A7-4F5D-84EB-EA6746BF2F25}.Release|Any CPU.ActiveCfg = Release|Any CPU
		{42389B91-53A7-4F5D-84EB-EA6746BF2F25}.Release|Any CPU.Build.0 = Release|Any CPU
		{3146809B-4D16-4659-92BE-7B592090D294}.Debug|Any CPU.ActiveCfg = Debug|Any CPU
		{3146809B-4D16-4659-92BE-7B592090D294}.Debug|Any CPU.Build.0 = Debug|Any CPU
		{3146809B-4D16-4659-92BE-7B592090D294}.Release|Any CPU.ActiveCfg = Release|Any CPU
		{3146809B-4D16-4659-92BE-7B592090D294}.Release|Any CPU.Build.0 = Release|Any CPU
		{9283739D-0CAD-43CE-A876-44A70AC5164A}.Debug|Any CPU.ActiveCfg = Debug|Any CPU
		{9283739D-0CAD-43CE-A876-44A70AC5164A}.Debug|Any CPU.Build.0 = Debug|Any CPU
		{9283739D-0CAD-43CE-A876-44A70AC5164A}.Release|Any CPU.ActiveCfg = Release|Any CPU
		{9283739D-0CAD-43CE-A876-44A70AC5164A}.Release|Any CPU.Build.0 = Release|Any CPU
	EndGlobalSection
	GlobalSection(SolutionProperties) = preSolution
		HideSolutionNode = FALSE
	EndGlobalSection
	GlobalSection(ExtensibilityGlobals) = postSolution
		SolutionGuid = {E09F1B6F-566D-470A-9D8C-6BD5FC2D1A6A}
	EndGlobalSection
EndGlobal
